Microsoft Visual Studio Solution File, Format Version 12.00
# Visual Studio Version 17
VisualStudioVersion = 17.5.2.0
MinimumVisualStudioVersion = 10.0.40219.1
Project("{FAE04EC0-301F-11D3-BF4B-00C04F79EFBC}") = "Pizzaria", "Pizzaria\Pizzaria.csproj", "{A95833D9-2B30-C5CA-6C7D-D9A888DB5DD4}"
EndProject
Global
	GlobalSection(SolutionConfigurationPlatforms) = preSolution
		Debug|Any CPU = Debug|Any CPU
		Release|Any CPU = Release|Any CPU
	EndGlobalSection
	GlobalSection(ProjectConfigurationPlatforms) = postSolution
		{A95833D9-2B30-C5CA-6C7D-D9A888DB5DD4}.Debug|Any CPU.ActiveCfg = Debug|Any CPU
		{A95833D9-2B30-C5CA-6C7D-D9A888DB5DD4}.Debug|Any CPU.Build.0 = Debug|Any CPU
		{A95833D9-2B30-C5CA-6C7D-D9A888DB5DD4}.Release|Any CPU.ActiveCfg = Release|Any CPU
		{A95833D9-2B30-C5CA-6C7D-D9A888DB5DD4}.Release|Any CPU.Build.0 = Release|Any CPU
	EndGlobalSection
	GlobalSection(SolutionProperties) = preSolution
		HideSolutionNode = FALSE
	EndGlobalSection
	GlobalSection(ExtensibilityGlobals) = postSolution
		SolutionGuid = {A8269096-B3C8-47D4-9947-9A935A3ACF59}
	EndGlobalSection
EndGlobal
